
Microsoft Visual Studio Solution File, Format Version 12.00
# Visual Studio Version 17
VisualStudioVersion = 17.5.33516.290
MinimumVisualStudioVersion = 10.0.40219.1
Project("{FAE04EC0-301F-11D3-BF4B-00C04F79EFBC}") = "RestaurantAPI", "RestaurantAPI\RestaurantAPI.csproj", "{F25E0BCC-4031-46D1-9986-1B1EFFF816DE}"
EndProject
Global
	GlobalSection(SolutionConfigurationPlatforms) = preSolution
		Debug|Any CPU = Debug|Any CPU
		Release|Any CPU = Release|Any CPU
	EndGlobalSection
	GlobalSection(ProjectConfigurationPlatforms) = postSolution
		{F25E0BCC-4031-46D1-9986-1B1EFFF816DE}.Debug|Any CPU.ActiveCfg = Debug|Any CPU
		{F25E0BCC-4031-46D1-9986-1B1EFFF816DE}.Debug|Any CPU.Build.0 = Debug|Any CPU
		{F25E0BCC-4031-46D1-9986-1B1EFFF816DE}.Release|Any CPU.ActiveCfg = Release|Any CPU
		{F25E0BCC-4031-46D1-9986-1B1EFFF816DE}.Release|Any CPU.Build.0 = Release|Any CPU
	EndGlobalSection
	GlobalSection(SolutionProperties) = preSolution
		HideSolutionNode = FALSE
	EndGlobalSection
	GlobalSection(ExtensibilityGlobals) = postSolution
		SolutionGuid = {071841E7-71F1-4BBD-AC93-693A0A28B84C}
	EndGlobalSection
EndGlobal
